
Microsoft Visual Studio Solution File, Format Version 12.00
# Visual Studio Version 17
VisualStudioVersion = 17.9.34728.123
MinimumVisualStudioVersion = 10.0.40219.1
Project("{FAE04EC0-301F-11D3-BF4B-00C04F79EFBC}") = "ProductMicroservice", "ProductMicroservice\ProductMicroservice.csproj", "{DC2B6057-85D1-4C19-A6BA-4E7E8F38B11F}"
EndProject
Global
	GlobalSection(SolutionConfigurationPlatforms) = preSolution
		Debug|Any CPU = Debug|Any CPU
		Release|Any CPU = Release|Any CPU
	EndGlobalSection
	GlobalSection(ProjectConfigurationPlatforms) = postSolution
		{DC2B6057-85D1-4C19-A6BA-4E7E8F38B11F}.Debug|Any CPU.ActiveCfg = Debug|Any CPU
		{DC2B6057-85D1-4C19-A6BA-4E7E8F38B11F}.Debug|Any CPU.Build.0 = Debug|Any CPU
		{DC2B6057-85D1-4C19-A6BA-4E7E8F38B11F}.Release|Any CPU.ActiveCfg = Release|Any CPU
		{DC2B6057-85D1-4C19-A6BA-4E7E8F38B11F}.Release|Any CPU.Build.0 = Release|Any CPU
	EndGlobalSection
	GlobalSection(SolutionProperties) = preSolution
		HideSolutionNode = FALSE
	EndGlobalSection
	GlobalSection(ExtensibilityGlobals) = postSolution
		SolutionGuid = {A1485DB5-372E-4FA9-88A1-B257F479B0BB}
	EndGlobalSection
EndGlobal
